{
  "nodes": {
    "flake-compat": {
      "locked": {
        "lastModified": 1717312683,
        "narHash": "sha256-FrlieJH50AuvagamEvWMIE6D2OAnERuDboFDYAED/dE=",
        "owner": "nix-community",
        "repo": "flake-compat",
        "rev": "38fd3954cf65ce6faf3d0d45cd26059e059f07ea",
        "type": "github"
      },
      "original": {
        "owner": "nix-community",
        "repo": "flake-compat",
        "type": "github"
      }
    },
    "flake-compat_2": {
      "flake": false,
      "locked": {
        "lastModified": 1696426674,
        "narHash": "sha256-kvjfFW7WAETZlt09AgDn1MrtKzP7t90Vf7vypd3OL1U=",
        "owner": "edolstra",
        "repo": "flake-compat",
        "rev": "0f9255e01c2351cc7d116c072cb317785dd33b33",
        "type": "github"
      },
      "original": {
        "owner": "edolstra",
        "repo": "flake-compat",
        "type": "github"
      }
    },
    "flake-parts": {
      "inputs": {
        "nixpkgs-lib": "nixpkgs-lib"
      },
      "locked": {
        "lastModified": 1717285511,
        "narHash": "sha256-iKzJcpdXih14qYVcZ9QC9XuZYnPc6T8YImb6dX166kw=",
        "owner": "hercules-ci",
        "repo": "flake-parts",
        "rev": "2a55567fcf15b1b1c7ed712a2c6fadaec7412ea8",
        "type": "github"
      },
      "original": {
        "id": "flake-parts",
        "type": "indirect"
      }
    },
    "flake-parts_2": {
      "inputs": {
        "nixpkgs-lib": "nixpkgs-lib_2"
      },
      "locked": {
        "lastModified": 1717285511,
        "narHash": "sha256-iKzJcpdXih14qYVcZ9QC9XuZYnPc6T8YImb6dX166kw=",
        "owner": "hercules-ci",
        "repo": "flake-parts",
        "rev": "2a55567fcf15b1b1c7ed712a2c6fadaec7412ea8",
        "type": "github"
      },
      "original": {
        "id": "flake-parts",
        "type": "indirect"
      }
    },
    "flake-parts_3": {
      "inputs": {
        "nixpkgs-lib": "nixpkgs-lib_3"
      },
      "locked": {
        "lastModified": 1717285511,
        "narHash": "sha256-iKzJcpdXih14qYVcZ9QC9XuZYnPc6T8YImb6dX166kw=",
        "owner": "hercules-ci",
        "repo": "flake-parts",
        "rev": "2a55567fcf15b1b1c7ed712a2c6fadaec7412ea8",
        "type": "github"
      },
      "original": {
        "id": "flake-parts",
        "type": "indirect"
      }
    },
    "nix-phps": {
      "inputs": {
        "flake-compat": "flake-compat_2",
        "nixpkgs": "nixpkgs",
        "utils": "utils"
      },
      "locked": {
        "lastModified": 1718114313,
        "narHash": "sha256-Ze6+G6UVlGAF3Tb2tnc97Jhm4uHOnu2Jwv8CrvMx/IU=",
        "owner": "fossar",
        "repo": "nix-phps",
        "rev": "b95cd9c716952a31d2412dc0e643f0d1a28822cc",
        "type": "github"
      },
      "original": {
        "owner": "fossar",
        "repo": "nix-phps",
        "type": "github"
      }
    },
    "nix-shell": {
      "inputs": {
        "flake-compat": "flake-compat",
        "flake-parts": "flake-parts_2",
        "nix-phps": "nix-phps",
        "nixpkgs": "nixpkgs_2",
        "php-src-nix": "php-src-nix",
        "systems": "systems_3"
      },
      "locked": {
        "lastModified": 1718117545,
        "narHash": "sha256-aBQfcJws/wEyf6z0vr2DBEWL90HP0obNiUoIR2C115w=",
        "owner": "loophp",
        "repo": "nix-shell",
        "rev": "89ad52567402dcd9a684b09dee06537c81df2c27",
        "type": "github"
      },
      "original": {
        "owner": "loophp",
        "repo": "nix-shell",
        "type": "github"
      }
    },
    "nixpkgs": {
      "locked": {
        "lastModified": 1718089647,
        "narHash": "sha256-COO4Xk2EzlZ3x9KCiJildlAA6cYDSPlnY8ms7pKl2Iw=",
        "owner": "NixOS",
        "repo": "nixpkgs",
        "rev": "f7207adcc68d9cafa29e3cd252a18743ae512c6a",
        "type": "github"
      },
      "original": {
        "owner": "NixOS",
        "ref": "nixpkgs-unstable",
        "repo": "nixpkgs",
        "type": "github"
      }
    },
    "nixpkgs-lib": {
      "locked": {
        "lastModified": 1717284937,
        "narHash": "sha256-lIbdfCsf8LMFloheeE6N31+BMIeixqyQWbSr2vk79EQ=",
        "type": "tarball",
        "url": "https://github.com/NixOS/nixpkgs/archive/eb9ceca17df2ea50a250b6b27f7bf6ab0186f198.tar.gz"
      },
      "original": {
        "type": "tarball",
        "url": "https://github.com/NixOS/nixpkgs/archive/eb9ceca17df2ea50a250b6b27f7bf6ab0186f198.tar.gz"
      }
    },
    "nixpkgs-lib_2": {
      "locked": {
        "lastModified": 1717284937,
        "narHash": "sha256-lIbdfCsf8LMFloheeE6N31+BMIeixqyQWbSr2vk79EQ=",
        "type": "tarball",
        "url": "https://github.com/NixOS/nixpkgs/archive/eb9ceca17df2ea50a250b6b27f7bf6ab0186f198.tar.gz"
      },
      "original": {
        "type": "tarball",
        "url": "https://github.com/NixOS/nixpkgs/archive/eb9ceca17df2ea50a250b6b27f7bf6ab0186f198.tar.gz"
      }
    },
    "nixpkgs-lib_3": {
      "locked": {
        "lastModified": 1717284937,
        "narHash": "sha256-lIbdfCsf8LMFloheeE6N31+BMIeixqyQWbSr2vk79EQ=",
        "type": "tarball",
        "url": "https://github.com/NixOS/nixpkgs/archive/eb9ceca17df2ea50a250b6b27f7bf6ab0186f198.tar.gz"
      },
      "original": {
        "type": "tarball",
        "url": "https://github.com/NixOS/nixpkgs/archive/eb9ceca17df2ea50a250b6b27f7bf6ab0186f198.tar.gz"
      }
    },
    "nixpkgs_2": {
      "locked": {
        "lastModified": 1718089647,
        "narHash": "sha256-COO4Xk2EzlZ3x9KCiJildlAA6cYDSPlnY8ms7pKl2Iw=",
        "owner": "NixOS",
        "repo": "nixpkgs",
        "rev": "f7207adcc68d9cafa29e3cd252a18743ae512c6a",
        "type": "github"
      },
      "original": {
        "owner": "NixOS",
        "ref": "nixpkgs-unstable",
        "repo": "nixpkgs",
        "type": "github"
      }
    },
    "nixpkgs_3": {
      "locked": {
        "lastModified": 1717893485,
        "narHash": "sha256-WMU6ZRZrBgEUDIF0siu2aIyVAXcxfElSwzZtS/mSpN4=",
        "owner": "NixOS",
        "repo": "nixpkgs",
        "rev": "3bcedce9f4de37570242faf16e1e143583407eab",
        "type": "github"
      },
      "original": {
        "owner": "NixOS",
        "ref": "nixpkgs-unstable",
        "repo": "nixpkgs",
        "type": "github"
      }
    },
    "nixpkgs_4": {
      "locked": {
        "lastModified": 1717974879,
        "narHash": "sha256-GTO3C88+5DX171F/gVS3Qga/hOs/eRMxPFpiHq2t+D8=",
        "owner": "NixOS",
        "repo": "nixpkgs",
        "rev": "c7b821ba2e1e635ba5a76d299af62821cbcb09f3",
        "type": "github"
      },
      "original": {
        "owner": "NixOS",
        "ref": "nixos-unstable",
        "repo": "nixpkgs",
        "type": "github"
      }
    },
    "php-src-81": {
      "flake": false,
      "locked": {
        "lastModified": 1717566497,
        "narHash": "sha256-LvgGu6AzaIsWtZpYm//IZoPM/upyI5FNZ7KXS2kkZkM=",
        "owner": "php",
        "repo": "php-src",
        "rev": "a87ccc7ca2644e327c210e68b4d98df98ad33523",
        "type": "github"
      },
      "original": {
        "owner": "php",
        "ref": "PHP-8.1",
        "repo": "php-src",
        "type": "github"
      }
    },
    "php-src-82": {
      "flake": false,
      "locked": {
        "lastModified": 1718053376,
        "narHash": "sha256-6k3nj6pbQ0z1cRExzBr4u7kLHTnT/cNcTvIA1qytCG8=",
        "owner": "php",
        "repo": "php-src",
        "rev": "c47d357db57d312b12b5a1645b61bab848163b82",
        "type": "github"
      },
      "original": {
        "owner": "php",
        "ref": "PHP-8.2",
        "repo": "php-src",
        "type": "github"
      }
    },
    "php-src-83": {
      "flake": false,
      "locked": {
        "lastModified": 1718053417,
        "narHash": "sha256-mp0f8kPJjZkgp0EJhEZwO2hBuj5QbFaP1dqpgWSaUBU=",
        "owner": "php",
        "repo": "php-src",
        "rev": "ad470a974d633ad3c74ecd5061df9df1d2af2923",
        "type": "github"
      },
      "original": {
        "owner": "php",
        "ref": "PHP-8.3",
        "repo": "php-src",
        "type": "github"
      }
    },
    "php-src-master": {
      "flake": false,
      "locked": {
        "lastModified": 1718053429,
        "narHash": "sha256-lz6F3ve9tImXVgEJm/K9MIwuiJta/vOnw343/Tza02k=",
        "owner": "php",
        "repo": "php-src",
        "rev": "da7bc2ea046725e901f5eb177c57bdac1b38430b",
        "type": "github"
      },
      "original": {
        "owner": "php",
        "ref": "master",
        "repo": "php-src",
        "type": "github"
      }
    },
    "php-src-nix": {
      "inputs": {
        "flake-parts": "flake-parts_3",
        "nixpkgs": "nixpkgs_3",
        "php-src-81": "php-src-81",
        "php-src-82": "php-src-82",
        "php-src-83": "php-src-83",
        "php-src-master": "php-src-master",
        "systems": "systems_2"
      },
      "locked": {
        "lastModified": 1718085304,
        "narHash": "sha256-DE4pyzKi1XSE6IADrRAh53TfnQ5cXI+tq1aSVJCw0LU=",
        "owner": "loophp",
        "repo": "php-src-nix",
        "rev": "175171dddb00e0a45c627b6e1c68aeea0eb29ad3",
        "type": "github"
      },
      "original": {
        "owner": "loophp",
        "repo": "php-src-nix",
        "type": "github"
      }
    },
    "root": {
      "inputs": {
        "flake-parts": "flake-parts",
        "nix-shell": "nix-shell",
        "nixpkgs": "nixpkgs_4",
        "systems": "systems_4"
      }
    },
    "systems": {
      "locked": {
        "lastModified": 1681028828,
        "narHash": "sha256-Vy1rq5AaRuLzOxct8nz4T6wlgyUR7zLU309k9mBC768=",
        "owner": "nix-systems",
        "repo": "default",
        "rev": "da67096a3b9bf56a91d16901293e51ba5b49a27e",
        "type": "github"
      },
      "original": {
        "owner": "nix-systems",
        "repo": "default",
        "type": "github"
      }
    },
    "systems_2": {
      "locked": {
        "lastModified": 1681028828,
        "narHash": "sha256-Vy1rq5AaRuLzOxct8nz4T6wlgyUR7zLU309k9mBC768=",
        "owner": "nix-systems",
        "repo": "default",
        "rev": "da67096a3b9bf56a91d16901293e51ba5b49a27e",
        "type": "github"
      },
      "original": {
        "owner": "nix-systems",
        "repo": "default",
        "type": "github"
      }
    },
    "systems_3": {
      "locked": {
        "lastModified": 1681028828,
        "narHash": "sha256-Vy1rq5AaRuLzOxct8nz4T6wlgyUR7zLU309k9mBC768=",
        "owner": "nix-systems",
        "repo": "default",
        "rev": "da67096a3b9bf56a91d16901293e51ba5b49a27e",
        "type": "github"
      },
      "original": {
        "owner": "nix-systems",
        "repo": "default",
        "type": "github"
      }
    },
    "systems_4": {
      "locked": {
        "lastModified": 1681028828,
        "narHash": "sha256-Vy1rq5AaRuLzOxct8nz4T6wlgyUR7zLU309k9mBC768=",
        "owner": "nix-systems",
        "repo": "default",
        "rev": "da67096a3b9bf56a91d16901293e51ba5b49a27e",
        "type": "github"
      },
      "original": {
        "owner": "nix-systems",
        "repo": "default",
        "type": "github"
      }
    },
    "utils": {
      "inputs": {
        "systems": "systems"
      },
      "locked": {
        "lastModified": 1710146030,
        "narHash": "sha256-SZ5L6eA7HJ/nmkzGG7/ISclqe6oZdOZTNoesiInkXPQ=",
        "owner": "numtide",
        "repo": "flake-utils",
        "rev": "b1d9ab70662946ef0850d488da1c9019f3a9752a",
        "type": "github"
      },
      "original": {
        "owner": "numtide",
        "repo": "flake-utils",
        "type": "github"
      }
    }
  },
  "root": "root",
  "version": 7
}
